<Solution>
  <Folder Name="/src/">
    <Project Path="src/ECommerce.Api/ECommerce.Api.csproj" />
    <Project Path="src/ECommerce.Application/ECommerce.Application.csproj" />
    <Project Path="src/ECommerce.Domain/ECommerce.Domain.csproj" />
    <Project Path="src/ECommerce.Infrastructure/ECommerce.Infrastructure.csproj" />
  </Folder>
</Solution>
